
Microsoft Visual Studio Solution File, Format Version 12.00
# Visual Studio Version 17
VisualStudioVersion = 17.11.35327.3
MinimumVisualStudioVersion = 10.0.40219.1
Project("{FAE04EC0-301F-11D3-BF4B-00C04F79EFBC}") = "mesLiteOI", "mesLiteOI\mesLiteOI.csproj", "{B800335E-C35C-4A03-A295-836CA8538CA3}"
EndProject
Global
	GlobalSection(SolutionConfigurationPlatforms) = preSolution
		Debug|Any CPU = Debug|Any CPU
		Release|Any CPU = Release|Any CPU
	EndGlobalSection
	GlobalSection(ProjectConfigurationPlatforms) = postSolution
		{B800335E-C35C-4A03-A295-836CA8538CA3}.Debug|Any CPU.ActiveCfg = Debug|Any CPU
		{B800335E-C35C-4A03-A295-836CA8538CA3}.Debug|Any CPU.Build.0 = Debug|Any CPU
		{B800335E-C35C-4A03-A295-836CA8538CA3}.Release|Any CPU.ActiveCfg = Release|Any CPU
		{B800335E-C35C-4A03-A295-836CA8538CA3}.Release|Any CPU.Build.0 = Release|Any CPU
	EndGlobalSection
	GlobalSection(SolutionProperties) = preSolution
		HideSolutionNode = FALSE
	EndGlobalSection
	GlobalSection(ExtensibilityGlobals) = postSolution
		SolutionGuid = {DA580B12-AAF5-4C97-BFFB-7C76B3B7FCA8}
	EndGlobalSection
EndGlobal
